
Microsoft Visual Studio Solution File, Format Version 12.00
# Visual Studio Version 17
VisualStudioVersion = 17.5.002.0
MinimumVisualStudioVersion = 10.0.40219.1
Project("{9A19103F-16F7-4668-BE54-9A1E7A4F7556}") = "PokemonTCGPScrapper", "App\PokemonTCGPScrapper.csproj", "{DD409AB1-9181-4B40-8BC4-BA605F6026A8}"
EndProject
Project("{FAE04EC0-301F-11D3-BF4B-00C04F79EFBC}") = "PokemonTCGPScrapper.Tests", "Tests\PokemonTCGPScrapper.Tests.csproj", "{1E6581A2-2FCA-4C14-BC19-688BE291E6F8}"
EndProject
Global
	GlobalSection(SolutionConfigurationPlatforms) = preSolution
		Debug|Any CPU = Debug|Any CPU
		Release|Any CPU = Release|Any CPU
	EndGlobalSection
	GlobalSection(ProjectConfigurationPlatforms) = postSolution
		{DD409AB1-9181-4B40-8BC4-BA605F6026A8}.Debug|Any CPU.ActiveCfg = Debug|Any CPU
		{DD409AB1-9181-4B40-8BC4-BA605F6026A8}.Debug|Any CPU.Build.0 = Debug|Any CPU
		{DD409AB1-9181-4B40-8BC4-BA605F6026A8}.Release|Any CPU.ActiveCfg = Release|Any CPU
		{DD409AB1-9181-4B40-8BC4-BA605F6026A8}.Release|Any CPU.Build.0 = Release|Any CPU
		{1E6581A2-2FCA-4C14-BC19-688BE291E6F8}.Debug|Any CPU.ActiveCfg = Debug|Any CPU
		{1E6581A2-2FCA-4C14-BC19-688BE291E6F8}.Debug|Any CPU.Build.0 = Debug|Any CPU
		{1E6581A2-2FCA-4C14-BC19-688BE291E6F8}.Release|Any CPU.ActiveCfg = Release|Any CPU
		{1E6581A2-2FCA-4C14-BC19-688BE291E6F8}.Release|Any CPU.Build.0 = Release|Any CPU
	EndGlobalSection
	GlobalSection(SolutionProperties) = preSolution
		HideSolutionNode = FALSE
	EndGlobalSection
	GlobalSection(ExtensibilityGlobals) = postSolution
		SolutionGuid = {4955D5D4-6CD8-4149-B56D-E39FFC05065A}
	EndGlobalSection
EndGlobal
